
Microsoft Visual Studio Solution File, Format Version 10.00
# Visual Studio 2008
Project("{FAE04EC0-301F-11D3-BF4B-00C04F79EFBC}") = "TNIPI.Finder", "TNIPI.Finder\TNIPI.Finder.csproj", "{29928437-0FA6-499D-B5B4-49409804B491}"
	ProjectSection(ProjectDependencies) = postProject
		{E0803F1C-3DFA-4381-A20A-E494DEC6BD0C} = {E0803F1C-3DFA-4381-A20A-E494DEC6BD0C}
		{7E97E13E-C305-4556-80C5-6765C2EEF469} = {7E97E13E-C305-4556-80C5-6765C2EEF469}
		{AA53725B-8F44-4EBD-A714-EC1972B22C34} = {AA53725B-8F44-4EBD-A714-EC1972B22C34}
		{B5A259CD-A6E7-4149-B63D-C140030042E0} = {B5A259CD-A6E7-4149-B63D-C140030042E0}
	EndProjectSection
EndProject
Project("{FAE04EC0-301F-11D3-BF4B-00C04F79EFBC}") = "TNIPI.FinderShared", "TNIPI.FinderShared\TNIPI.FinderShared.csproj", "{AA53725B-8F44-4EBD-A714-EC1972B22C34}"
EndProject
Project("{FAE04EC0-301F-11D3-BF4B-00C04F79EFBC}") = "TNIPI.FinderAccess", "TNIPI.FinderAccess\TNIPI.FinderAccess.csproj", "{7E97E13E-C305-4556-80C5-6765C2EEF469}"
	ProjectSection(ProjectDependencies) = postProject
		{AA53725B-8F44-4EBD-A714-EC1972B22C34} = {AA53725B-8F44-4EBD-A714-EC1972B22C34}
	EndProjectSection
EndProject
Project("{FAE04EC0-301F-11D3-BF4B-00C04F79EFBC}") = "TNIPI.FinderHost_x32", "TNIPI.FinderHost\TNIPI.FinderHost_x32.csproj", "{E0803F1C-3DFA-4381-A20A-E494DEC6BD0C}"
	ProjectSection(ProjectDependencies) = postProject
		{7E97E13E-C305-4556-80C5-6765C2EEF469} = {7E97E13E-C305-4556-80C5-6765C2EEF469}
		{AA53725B-8F44-4EBD-A714-EC1972B22C34} = {AA53725B-8F44-4EBD-A714-EC1972B22C34}
	EndProjectSection
EndProject
Project("{FAE04EC0-301F-11D3-BF4B-00C04F79EFBC}") = "TNIPI.FinderHost_x64", "TNIPI.FinderHost\TNIPI.FinderHost_x64.csproj", "{B5A259CD-A6E7-4149-B63D-C140030042E0}"
	ProjectSection(ProjectDependencies) = postProject
		{7E97E13E-C305-4556-80C5-6765C2EEF469} = {7E97E13E-C305-4556-80C5-6765C2EEF469}
		{AA53725B-8F44-4EBD-A714-EC1972B22C34} = {AA53725B-8F44-4EBD-A714-EC1972B22C34}
	EndProjectSection
EndProject
Global
	GlobalSection(SolutionConfigurationPlatforms) = preSolution
		Debug|Any CPU = Debug|Any CPU
		Release|Any CPU = Release|Any CPU
	EndGlobalSection
	GlobalSection(ProjectConfigurationPlatforms) = postSolution
		{29928437-0FA6-499D-B5B4-49409804B491}.Debug|Any CPU.ActiveCfg = Debug|Any CPU
		{29928437-0FA6-499D-B5B4-49409804B491}.Debug|Any CPU.Build.0 = Debug|Any CPU
		{29928437-0FA6-499D-B5B4-49409804B491}.Release|Any CPU.ActiveCfg = Release|Any CPU
		{29928437-0FA6-499D-B5B4-49409804B491}.Release|Any CPU.Build.0 = Release|Any CPU
		{AA53725B-8F44-4EBD-A714-EC1972B22C34}.Debug|Any CPU.ActiveCfg = Debug|Any CPU
		{AA53725B-8F44-4EBD-A714-EC1972B22C34}.Debug|Any CPU.Build.0 = Debug|Any CPU
		{AA53725B-8F44-4EBD-A714-EC1972B22C34}.Release|Any CPU.ActiveCfg = Release|Any CPU
		{AA53725B-8F44-4EBD-A714-EC1972B22C34}.Release|Any CPU.Build.0 = Release|Any CPU
		{7E97E13E-C305-4556-80C5-6765C2EEF469}.Debug|Any CPU.ActiveCfg = Debug|Any CPU
		{7E97E13E-C305-4556-80C5-6765C2EEF469}.Debug|Any CPU.Build.0 = Debug|Any CPU
		{7E97E13E-C305-4556-80C5-6765C2EEF469}.Release|Any CPU.ActiveCfg = Release|Any CPU
		{7E97E13E-C305-4556-80C5-6765C2EEF469}.Release|Any CPU.Build.0 = Release|Any CPU
		{E0803F1C-3DFA-4381-A20A-E494DEC6BD0C}.Debug|Any CPU.ActiveCfg = Debug|Any CPU
		{E0803F1C-3DFA-4381-A20A-E494DEC6BD0C}.Debug|Any CPU.Build.0 = Debug|Any CPU
		{E0803F1C-3DFA-4381-A20A-E494DEC6BD0C}.Release|Any CPU.ActiveCfg = Release|Any CPU
		{E0803F1C-3DFA-4381-A20A-E494DEC6BD0C}.Release|Any CPU.Build.0 = Release|Any CPU
		{B5A259CD-A6E7-4149-B63D-C140030042E0}.Debug|Any CPU.ActiveCfg = Debug|Any CPU
		{B5A259CD-A6E7-4149-B63D-C140030042E0}.Debug|Any CPU.Build.0 = Debug|Any CPU
		{B5A259CD-A6E7-4149-B63D-C140030042E0}.Release|Any CPU.ActiveCfg = Release|Any CPU
		{B5A259CD-A6E7-4149-B63D-C140030042E0}.Release|Any CPU.Build.0 = Release|Any CPU
	EndGlobalSection
	GlobalSection(SolutionProperties) = preSolution
		HideSolutionNode = FALSE
	EndGlobalSection
EndGlobal
